
Microsoft Visual Studio Solution File, Format Version 12.00
# Visual Studio Version 17
VisualStudioVersion = 17.9.34728.123
MinimumVisualStudioVersion = 10.0.40219.1
Project("{FAE04EC0-301F-11D3-BF4B-00C04F79EFBC}") = "ApiProtection", "ApiProtection\ApiProtection.csproj", "{EFBE0E90-BBD2-43A6-BE53-9B9E43625A55}"
EndProject
Global
	GlobalSection(SolutionConfigurationPlatforms) = preSolution
		Debug|Any CPU = Debug|Any CPU
		Release|Any CPU = Release|Any CPU
	EndGlobalSection
	GlobalSection(ProjectConfigurationPlatforms) = postSolution
		{EFBE0E90-BBD2-43A6-BE53-9B9E43625A55}.Debug|Any CPU.ActiveCfg = Debug|Any CPU
		{EFBE0E90-BBD2-43A6-BE53-9B9E43625A55}.Debug|Any CPU.Build.0 = Debug|Any CPU
		{EFBE0E90-BBD2-43A6-BE53-9B9E43625A55}.Release|Any CPU.ActiveCfg = Release|Any CPU
		{EFBE0E90-BBD2-43A6-BE53-9B9E43625A55}.Release|Any CPU.Build.0 = Release|Any CPU
	EndGlobalSection
	GlobalSection(SolutionProperties) = preSolution
		HideSolutionNode = FALSE
	EndGlobalSection
	GlobalSection(ExtensibilityGlobals) = postSolution
		SolutionGuid = {739B1E90-BE6D-408E-A06D-E616541D3475}
	EndGlobalSection
EndGlobal
